
Microsoft Visual Studio Solution File, Format Version 12.00
# Visual Studio Version 17
VisualStudioVersion = 17.2.32602.215
MinimumVisualStudioVersion = 10.0.40219.1
Project("{FAE04EC0-301F-11D3-BF4B-00C04F79EFBC}") = "String02", "String02\String02.csproj", "{8DE0B160-08D3-44EE-B2EB-773A61E05058}"
EndProject
Global
	GlobalSection(SolutionConfigurationPlatforms) = preSolution
		Debug|Any CPU = Debug|Any CPU
		Release|Any CPU = Release|Any CPU
	EndGlobalSection
	GlobalSection(ProjectConfigurationPlatforms) = postSolution
		{8DE0B160-08D3-44EE-B2EB-773A61E05058}.Debug|Any CPU.ActiveCfg = Debug|Any CPU
		{8DE0B160-08D3-44EE-B2EB-773A61E05058}.Debug|Any CPU.Build.0 = Debug|Any CPU
		{8DE0B160-08D3-44EE-B2EB-773A61E05058}.Release|Any CPU.ActiveCfg = Release|Any CPU
		{8DE0B160-08D3-44EE-B2EB-773A61E05058}.Release|Any CPU.Build.0 = Release|Any CPU
	EndGlobalSection
	GlobalSection(SolutionProperties) = preSolution
		HideSolutionNode = FALSE
	EndGlobalSection
	GlobalSection(ExtensibilityGlobals) = postSolution
		SolutionGuid = {328D65A6-8B6F-4E50-8A45-C56375B36639}
	EndGlobalSection
EndGlobal
