
Microsoft Visual Studio Solution File, Format Version 12.00
# Visual Studio Version 17
VisualStudioVersion = 17.2.32602.215
MinimumVisualStudioVersion = 10.0.40219.1
Project("{FAE04EC0-301F-11D3-BF4B-00C04F79EFBC}") = "02UnderstandingTypes", "02UnderstandingTypes\02UnderstandingTypes.csproj", "{4BA6E561-019A-4CD4-A9AE-E537C6D70333}"
EndProject
Global
	GlobalSection(SolutionConfigurationPlatforms) = preSolution
		Debug|Any CPU = Debug|Any CPU
		Release|Any CPU = Release|Any CPU
	EndGlobalSection
	GlobalSection(ProjectConfigurationPlatforms) = postSolution
		{4BA6E561-019A-4CD4-A9AE-E537C6D70333}.Debug|Any CPU.ActiveCfg = Debug|Any CPU
		{4BA6E561-019A-4CD4-A9AE-E537C6D70333}.Debug|Any CPU.Build.0 = Debug|Any CPU
		{4BA6E561-019A-4CD4-A9AE-E537C6D70333}.Release|Any CPU.ActiveCfg = Release|Any CPU
		{4BA6E561-019A-4CD4-A9AE-E537C6D70333}.Release|Any CPU.Build.0 = Release|Any CPU
	EndGlobalSection
	GlobalSection(SolutionProperties) = preSolution
		HideSolutionNode = FALSE
	EndGlobalSection
	GlobalSection(ExtensibilityGlobals) = postSolution
		SolutionGuid = {99DB4250-3458-4C9F-B378-4D0AA0AF71E1}
	EndGlobalSection
EndGlobal
