
Microsoft Visual Studio Solution File, Format Version 12.00
# Visual Studio Version 17
VisualStudioVersion = 17.2.32602.215
MinimumVisualStudioVersion = 10.0.40219.1
Project("{FAE04EC0-301F-11D3-BF4B-00C04F79EFBC}") = "PracticeArray04", "PracticeArray04\PracticeArray04.csproj", "{62CA4DE9-3DA7-490F-B61D-C9B0438D08E8}"
EndProject
Global
	GlobalSection(SolutionConfigurationPlatforms) = preSolution
		Debug|Any CPU = Debug|Any CPU
		Release|Any CPU = Release|Any CPU
	EndGlobalSection
	GlobalSection(ProjectConfigurationPlatforms) = postSolution
		{62CA4DE9-3DA7-490F-B61D-C9B0438D08E8}.Debug|Any CPU.ActiveCfg = Debug|Any CPU
		{62CA4DE9-3DA7-490F-B61D-C9B0438D08E8}.Debug|Any CPU.Build.0 = Debug|Any CPU
		{62CA4DE9-3DA7-490F-B61D-C9B0438D08E8}.Release|Any CPU.ActiveCfg = Release|Any CPU
		{62CA4DE9-3DA7-490F-B61D-C9B0438D08E8}.Release|Any CPU.Build.0 = Release|Any CPU
	EndGlobalSection
	GlobalSection(SolutionProperties) = preSolution
		HideSolutionNode = FALSE
	EndGlobalSection
	GlobalSection(ExtensibilityGlobals) = postSolution
		SolutionGuid = {2AB8B896-B688-45F7-92A3-5C16A6C688DF}
	EndGlobalSection
EndGlobal
